
Microsoft Visual Studio Solution File, Format Version 12.00
# Visual Studio Version 17
VisualStudioVersion = 17.9.34701.34
MinimumVisualStudioVersion = 10.0.40219.1
Project("{FAE04EC0-301F-11D3-BF4B-00C04F79EFBC}") = "June22Q13.2-Skeleton-CSharp", "June22Q13.2-Skeleton-CSharp\June22Q13.2-Skeleton-CSharp.csproj", "{CEBE6296-5005-4156-B81C-DCC26698BA0E}"
EndProject
Global
	GlobalSection(SolutionConfigurationPlatforms) = preSolution
		Debug|Any CPU = Debug|Any CPU
		Release|Any CPU = Release|Any CPU
	EndGlobalSection
	GlobalSection(ProjectConfigurationPlatforms) = postSolution
		{CEBE6296-5005-4156-B81C-DCC26698BA0E}.Debug|Any CPU.ActiveCfg = Debug|Any CPU
		{CEBE6296-5005-4156-B81C-DCC26698BA0E}.Debug|Any CPU.Build.0 = Debug|Any CPU
		{CEBE6296-5005-4156-B81C-DCC26698BA0E}.Release|Any CPU.ActiveCfg = Release|Any CPU
		{CEBE6296-5005-4156-B81C-DCC26698BA0E}.Release|Any CPU.Build.0 = Release|Any CPU
	EndGlobalSection
	GlobalSection(SolutionProperties) = preSolution
		HideSolutionNode = FALSE
	EndGlobalSection
	GlobalSection(ExtensibilityGlobals) = postSolution
		SolutionGuid = {D81B0FB1-1BDF-4A5F-87D1-D4EB30B15D1E}
	EndGlobalSection
EndGlobal
